
Microsoft Visual Studio Solution File, Format Version 12.00
# Visual Studio Version 16
VisualStudioVersion = 16.0.32126.315
MinimumVisualStudioVersion = 10.0.40219.1
Project("{FAE04EC0-301F-11D3-BF4B-00C04F79EFBC}") = "APRIL_TASK1", "APRIL_TASK1\APRIL_TASK1.csproj", "{3507A1A7-6631-465C-8E84-770D4C6A7F01}"
EndProject
Global
	GlobalSection(SolutionConfigurationPlatforms) = preSolution
		Debug|Any CPU = Debug|Any CPU
		Release|Any CPU = Release|Any CPU
	EndGlobalSection
	GlobalSection(ProjectConfigurationPlatforms) = postSolution
		{3507A1A7-6631-465C-8E84-770D4C6A7F01}.Debug|Any CPU.ActiveCfg = Debug|Any CPU
		{3507A1A7-6631-465C-8E84-770D4C6A7F01}.Debug|Any CPU.Build.0 = Debug|Any CPU
		{3507A1A7-6631-465C-8E84-770D4C6A7F01}.Release|Any CPU.ActiveCfg = Release|Any CPU
		{3507A1A7-6631-465C-8E84-770D4C6A7F01}.Release|Any CPU.Build.0 = Release|Any CPU
	EndGlobalSection
	GlobalSection(SolutionProperties) = preSolution
		HideSolutionNode = FALSE
	EndGlobalSection
	GlobalSection(ExtensibilityGlobals) = postSolution
		SolutionGuid = {A1B2A2C9-EDDE-4AEA-A046-BBF281AB61E7}
	EndGlobalSection
EndGlobal
