
Microsoft Visual Studio Solution File, Format Version 12.00
# Visual Studio Version 16
VisualStudioVersion = 16.0.32126.315
MinimumVisualStudioVersion = 10.0.40219.1
Project("{FAE04EC0-301F-11D3-BF4B-00C04F79EFBC}") = "TASK2", "TASK2\TASK2.csproj", "{F75C63C7-E982-431D-973E-78CD937C516D}"
EndProject
Global
	GlobalSection(SolutionConfigurationPlatforms) = preSolution
		Debug|Any CPU = Debug|Any CPU
		Release|Any CPU = Release|Any CPU
	EndGlobalSection
	GlobalSection(ProjectConfigurationPlatforms) = postSolution
		{F75C63C7-E982-431D-973E-78CD937C516D}.Debug|Any CPU.ActiveCfg = Debug|Any CPU
		{F75C63C7-E982-431D-973E-78CD937C516D}.Debug|Any CPU.Build.0 = Debug|Any CPU
		{F75C63C7-E982-431D-973E-78CD937C516D}.Release|Any CPU.ActiveCfg = Release|Any CPU
		{F75C63C7-E982-431D-973E-78CD937C516D}.Release|Any CPU.Build.0 = Release|Any CPU
	EndGlobalSection
	GlobalSection(SolutionProperties) = preSolution
		HideSolutionNode = FALSE
	EndGlobalSection
	GlobalSection(ExtensibilityGlobals) = postSolution
		SolutionGuid = {8DD20650-D40F-4E56-86E5-1702B06D6F20}
	EndGlobalSection
EndGlobal
